// !$*UTF8*$!
{
	archiveVersion = 1;
	classes = {
	};
	objectVersion = 56;
	objects = {

/* Begin PBXBuildFile section */
		B00001 /* GolfShotApp.swift in Sources */               = {isa = PBXBuildFile; fileRef = A00001; };
		B00002 /* ContentView.swift in Sources */               = {isa = PBXBuildFile; fileRef = A00002; };
		B00003 /* Models.swift in Sources */                    = {isa = PBXBuildFile; fileRef = A00003; };
		B00004 /* ShotStore.swift in Sources */                 = {isa = PBXBuildFile; fileRef = A00004; };
		B00005 /* CameraManager.swift in Sources */             = {isa = PBXBuildFile; fileRef = A00005; };
		B00006 /* BallTracker.swift in Sources */               = {isa = PBXBuildFile; fileRef = A00006; };
		B00007 /* ShotAnalyzer.swift in Sources */              = {isa = PBXBuildFile; fileRef = A00007; };
		B00008 /* ShotCaptureView.swift in Sources */           = {isa = PBXBuildFile; fileRef = A00008; };
		B00009 /* ShotResultView.swift in Sources */            = {isa = PBXBuildFile; fileRef = A00009; };
		B00010 /* ShotHistoryView.swift in Sources */           = {isa = PBXBuildFile; fileRef = A00010; };
		B00011 /* ClubSelectorView.swift in Sources */          = {isa = PBXBuildFile; fileRef = A00011; };
		B00012 /* Theme.swift in Sources */                     = {isa = PBXBuildFile; fileRef = A00012; };
		B00015 /* BallDetector.swift in Sources */              = {isa = PBXBuildFile; fileRef = A00015; };
		B00013 /* Assets.xcassets in Resources */               = {isa = PBXBuildFile; fileRef = A00013; };
/* End PBXBuildFile section */

/* Begin PBXFileReference section */
		A00001 /* GolfShotApp.swift */         = {isa = PBXFileReference; lastKnownFileType = sourcecode.swift; path = GolfShotApp.swift;         sourceTree = "<group>"; };
		A00002 /* ContentView.swift */         = {isa = PBXFileReference; lastKnownFileType = sourcecode.swift; path = ContentView.swift;         sourceTree = "<group>"; };
		A00003 /* Models.swift */              = {isa = PBXFileReference; lastKnownFileType = sourcecode.swift; path = Models.swift;              sourceTree = "<group>"; };
		A00004 /* ShotStore.swift */           = {isa = PBXFileReference; lastKnownFileType = sourcecode.swift; path = ShotStore.swift;           sourceTree = "<group>"; };
		A00005 /* CameraManager.swift */       = {isa = PBXFileReference; lastKnownFileType = sourcecode.swift; path = CameraManager.swift;       sourceTree = "<group>"; };
		A00006 /* BallTracker.swift */         = {isa = PBXFileReference; lastKnownFileType = sourcecode.swift; path = BallTracker.swift;         sourceTree = "<group>"; };
		A00007 /* ShotAnalyzer.swift */        = {isa = PBXFileReference; lastKnownFileType = sourcecode.swift; path = ShotAnalyzer.swift;        sourceTree = "<group>"; };
		A00008 /* ShotCaptureView.swift */     = {isa = PBXFileReference; lastKnownFileType = sourcecode.swift; path = ShotCaptureView.swift;     sourceTree = "<group>"; };
		A00009 /* ShotResultView.swift */      = {isa = PBXFileReference; lastKnownFileType = sourcecode.swift; path = ShotResultView.swift;      sourceTree = "<group>"; };
		A00010 /* ShotHistoryView.swift */     = {isa = PBXFileReference; lastKnownFileType = sourcecode.swift; path = ShotHistoryView.swift;     sourceTree = "<group>"; };
		A00011 /* ClubSelectorView.swift */    = {isa = PBXFileReference; lastKnownFileType = sourcecode.swift; path = ClubSelectorView.swift;    sourceTree = "<group>"; };
		A00012 /* Theme.swift */               = {isa = PBXFileReference; lastKnownFileType = sourcecode.swift; path = Theme.swift;               sourceTree = "<group>"; };
		A00015 /* BallDetector.swift */        = {isa = PBXFileReference; lastKnownFileType = sourcecode.swift; path = BallDetector.swift;        sourceTree = "<group>"; };
		A00013 /* Assets.xcassets */           = {isa = PBXFileReference; lastKnownFileType = folder.assetcatalog; path = Assets.xcassets;       sourceTree = "<group>"; };
		A00014 /* Info.plist */                = {isa = PBXFileReference; lastKnownFileType = text.plist.xml; path = Info.plist;                  sourceTree = "<group>"; };
		PROD01 /* GolfShotApp.app */           = {isa = PBXFileReference; explicitFileType = wrapper.application; includeInIndex = 0; path = GolfShotApp.app; sourceTree = BUILT_PRODUCTS_DIR; };
/* End PBXFileReference section */

/* Begin PBXFrameworksBuildPhase section */
		FRMWK1 = {
			isa = PBXFrameworksBuildPhase;
			buildActionMask = 2147483647;
			files = ();
			runOnlyForDeploymentPostprocessing = 0;
		};
/* End PBXFrameworksBuildPhase section */

/* Begin PBXGroup section */
		GRPMAIN = {
			isa = PBXGroup;
			children = (
				GRPSRC,
				GRPPROD,
			);
			sourceTree = "<group>";
		};
		GRPSRC = {
			isa = PBXGroup;
			children = (
				A00001,
				A00002,
				A00003,
				A00004,
				A00005,
				A00006,
				A00007,
				A00008,
				A00009,
				A00010,
				A00011,
				A00012,
				A00015,
				A00013,
				A00014,
			);
			sourceTree = "<group>";
		};
		GRPPROD = {
			isa = PBXGroup;
			children = (PROD01,);
			name = Products;
			sourceTree = "<group>";
		};
/* End PBXGroup section */

/* Begin PBXNativeTarget section */
		TARGET1 = {
			isa = PBXNativeTarget;
			buildConfigurationList = CFGLIST1;
			buildPhases = (SRCPHASE, RESPHASE, FRMWK1);
			buildRules = ();
			dependencies = ();
			name = GolfShotApp;
			productName = GolfShotApp;
			productReference = PROD01;
			productType = "com.apple.product-type.application";
		};
/* End PBXNativeTarget section */

/* Begin PBXProject section */
		PROJ01 = {
			isa = PBXProject;
			attributes = {
				BuildIndependentTargetsInParallel = 1;
				LastSwiftUpdateCheck = 1500;
				LastUpgradeCheck = 1500;
				TargetAttributes = { TARGET1 = { CreatedOnToolsVersion = 15.0; }; };
			};
			buildConfigurationList = CFGLISTPROJ;
			compatibilityVersion = "Xcode 14.0";
			developmentRegion = en;
			hasScannedForEncodings = 0;
			knownRegions = (en, Base);
			mainGroup = GRPMAIN;
			productRefGroup = GRPPROD;
			projectDirPath = "";
			projectRoot = "";
			targets = (TARGET1,);
		};
/* End PBXProject section */

/* Begin PBXResourcesBuildPhase section */
		RESPHASE = {
			isa = PBXResourcesBuildPhase;
			buildActionMask = 2147483647;
			files = (B00013);
			runOnlyForDeploymentPostprocessing = 0;
		};
/* End PBXResourcesBuildPhase section */

/* Begin PBXSourcesBuildPhase section */
		SRCPHASE = {
			isa = PBXSourcesBuildPhase;
			buildActionMask = 2147483647;
			files = (
				B00001, B00002, B00003, B00004, B00005,
				B00006, B00007, B00008, B00009, B00010,
				B00011, B00012, B00015,
			);
			runOnlyForDeploymentPostprocessing = 0;
		};
/* End PBXSourcesBuildPhase section */

/* Begin XCBuildConfiguration section */
		CFG_DEBUG_PROJ = {
			isa = XCBuildConfiguration;
			buildSettings = {
				ALWAYS_SEARCH_USER_PATHS = NO;
				CLANG_ANALYZER_NONNULL = YES;
				CLANG_ENABLE_MODULES = YES;
				CLANG_ENABLE_OBJC_ARC = YES;
				COPY_PHASE_STRIP = NO;
				DEBUG_INFORMATION_FORMAT = dwarf;
				ENABLE_STRICT_OBJC_MSGSEND = YES;
				ENABLE_TESTABILITY = YES;
				GCC_NO_COMMON_BLOCKS = YES;
				GCC_OPTIMIZATION_LEVEL = 0;
				MTL_ENABLE_DEBUG_INFO = INCLUDE_SOURCE;
				ONLY_ACTIVE_ARCH = YES;
				SDKROOT = iphoneos;
				SWIFT_ACTIVE_COMPILATION_CONDITIONS = DEBUG;
				SWIFT_OPTIMIZATION_LEVEL = "-Onone";
			};
			name = Debug;
		};
		CFG_RELEASE_PROJ = {
			isa = XCBuildConfiguration;
			buildSettings = {
				ALWAYS_SEARCH_USER_PATHS = NO;
				CLANG_ANALYZER_NONNULL = YES;
				CLANG_ENABLE_MODULES = YES;
				CLANG_ENABLE_OBJC_ARC = YES;
				COPY_PHASE_STRIP = NO;
				DEBUG_INFORMATION_FORMAT = "dwarf-with-dsym";
				ENABLE_NS_ASSERTIONS = NO;
				ENABLE_STRICT_OBJC_MSGSEND = YES;
				GCC_NO_COMMON_BLOCKS = YES;
				MTL_ENABLE_DEBUG_INFO = NO;
				SDKROOT = iphoneos;
				SWIFT_OPTIMIZATION_LEVEL = "-Owholemodule";
			};
			name = Release;
		};
		CFG_DEBUG_TARGET = {
			isa = XCBuildConfiguration;
			buildSettings = {
				ASSETCATALOG_COMPILER_APPICON_NAME = AppIcon;
				ASSETCATALOG_COMPILER_GLOBAL_ACCENT_COLOR_NAME = AccentColor;
				CODE_SIGN_STYLE = Automatic;
				CURRENT_PROJECT_VERSION = 1;
				GENERATE_INFOPLIST_FILE = NO;
				INFOPLIST_FILE = Info.plist;
				IPHONEOS_DEPLOYMENT_TARGET = 16.0;
				LD_RUNPATH_SEARCH_PATHS = "$(inherited) @executable_path/Frameworks";
				MARKETING_VERSION = 1.0;
				PRODUCT_BUNDLE_IDENTIFIER = com.golfshot.app;
				PRODUCT_NAME = GolfShotApp;
				SUPPORTED_PLATFORMS = "iphoneos iphonesimulator";
				SWIFT_EMIT_LOC_STRINGS = YES;
				SWIFT_VERSION = 5.9;
				TARGETED_DEVICE_FAMILY = 1;
			};
			name = Debug;
		};
		CFG_RELEASE_TARGET = {
			isa = XCBuildConfiguration;
			buildSettings = {
				ASSETCATALOG_COMPILER_APPICON_NAME = AppIcon;
				ASSETCATALOG_COMPILER_GLOBAL_ACCENT_COLOR_NAME = AccentColor;
				CODE_SIGN_STYLE = Automatic;
				CURRENT_PROJECT_VERSION = 1;
				GENERATE_INFOPLIST_FILE = NO;
				INFOPLIST_FILE = Info.plist;
				IPHONEOS_DEPLOYMENT_TARGET = 16.0;
				LD_RUNPATH_SEARCH_PATHS = "$(inherited) @executable_path/Frameworks";
				MARKETING_VERSION = 1.0;
				PRODUCT_BUNDLE_IDENTIFIER = com.golfshot.app;
				PRODUCT_NAME = GolfShotApp;
				SUPPORTED_PLATFORMS = "iphoneos iphonesimulator";
				SWIFT_EMIT_LOC_STRINGS = YES;
				SWIFT_VERSION = 5.9;
				TARGETED_DEVICE_FAMILY = 1;
			};
			name = Release;
		};
/* End XCBuildConfiguration section */

/* Begin XCConfigurationList section */
		CFGLISTPROJ = {
			isa = XCConfigurationList;
			buildConfigurations = (CFG_DEBUG_PROJ, CFG_RELEASE_PROJ);
			defaultConfigurationIsVisible = 0;
			defaultConfigurationName = Release;
		};
		CFGLIST1 = {
			isa = XCConfigurationList;
			buildConfigurations = (CFG_DEBUG_TARGET, CFG_RELEASE_TARGET);
			defaultConfigurationIsVisible = 0;
			defaultConfigurationName = Release;
		};
/* End XCConfigurationList section */

	};
	rootObject = PROJ01;
}
